
Microsoft Visual Studio Solution File, Format Version 12.00
# Visual Studio Version 17
VisualStudioVersion = 17.5.002.0
MinimumVisualStudioVersion = 10.0.40219.1
Project("{2150E333-8FDC-42A3-9474-1A3956D46DE8}") = "BankingApp", "BankingApp", "{292A9B60-D8AC-445D-9753-4D116EDA13C3}"
EndProject
Project("{9A19103F-16F7-4668-BE54-9A1E7A4F7556}") = "AAWCLBank", "BankingApp\AAWCLBank\AAWCLBank.csproj", "{77E34D0C-3C84-486E-AAA6-F55F10F4135F}"
EndProject
Global
	GlobalSection(SolutionConfigurationPlatforms) = preSolution
		Debug|Any CPU = Debug|Any CPU
		Release|Any CPU = Release|Any CPU
	EndGlobalSection
	GlobalSection(ProjectConfigurationPlatforms) = postSolution
		{77E34D0C-3C84-486E-AAA6-F55F10F4135F}.Debug|Any CPU.ActiveCfg = Debug|Any CPU
		{77E34D0C-3C84-486E-AAA6-F55F10F4135F}.Debug|Any CPU.Build.0 = Debug|Any CPU
		{77E34D0C-3C84-486E-AAA6-F55F10F4135F}.Release|Any CPU.ActiveCfg = Release|Any CPU
		{77E34D0C-3C84-486E-AAA6-F55F10F4135F}.Release|Any CPU.Build.0 = Release|Any CPU
	EndGlobalSection
	GlobalSection(SolutionProperties) = preSolution
		HideSolutionNode = FALSE
	EndGlobalSection
	GlobalSection(NestedProjects) = preSolution
		{77E34D0C-3C84-486E-AAA6-F55F10F4135F} = {292A9B60-D8AC-445D-9753-4D116EDA13C3}
	EndGlobalSection
	GlobalSection(ExtensibilityGlobals) = postSolution
		SolutionGuid = {6B616F5F-96E0-4504-8E92-D1F8C20D8EF8}
	EndGlobalSection
EndGlobal
